# Prisma Migrate lockfile v1

20200917062459-f
20200917063238-dev
20200917063432-dev
20200917063536-dev
20200917063748-dev
20200917070625-dev
20200917070756-dev
20200917070851-dev
20200917071201-dev
20200917071732-dev
20200917071947-dev
20200917072129-dev
20200917072321-dev
20200917072502-dev
20200917072749-dev
20200917091642-dev
20200925115722-auth