# Prisma Migrate lockfile v1

20200915130250-add-playlist
20200915133023-add-tag-to-song
20200915133636-test
20200915135202-testing
20200915135259-remove
20200915140013-test
20200915150739-testtt
20200915153022-humn
20200915160514-asd
20200916104815-gasdaadgvf
20200916105411-remove
20200916105451-add
20200916110027-testsd
20200916110315-asgb
20200916115813-asfg
20200916120542-asdasd
20200916121237-safasf
20200916121854-asdfad
20200916121930-adasdsa
20200916122145-glkj
20200916123204-yh
20200916144216-asdsad
20200917050636-asdsad